
Microsoft Visual Studio Solution File, Format Version 12.00
# Visual Studio Version 16
VisualStudioVersion = 16.0.30320.27
MinimumVisualStudioVersion = 10.0.40219.1
Project("{151D2E53-A2C4-4D7D-83FE-D05416EBD58E}") = "AZUREWORKSHOP", "AZUREWORKSHOP\AZUREWORKSHOP.deployproj", "{5508218A-43B1-4B0D-94F5-4F289C72E8C6}"
EndProject
Global
	GlobalSection(SolutionConfigurationPlatforms) = preSolution
		Debug|Any CPU = Debug|Any CPU
		Release|Any CPU = Release|Any CPU
	EndGlobalSection
	GlobalSection(ProjectConfigurationPlatforms) = postSolution
		{5508218A-43B1-4B0D-94F5-4F289C72E8C6}.Debug|Any CPU.ActiveCfg = Debug|Any CPU
		{5508218A-43B1-4B0D-94F5-4F289C72E8C6}.Debug|Any CPU.Build.0 = Debug|Any CPU
		{5508218A-43B1-4B0D-94F5-4F289C72E8C6}.Release|Any CPU.ActiveCfg = Release|Any CPU
		{5508218A-43B1-4B0D-94F5-4F289C72E8C6}.Release|Any CPU.Build.0 = Release|Any CPU
	EndGlobalSection
	GlobalSection(SolutionProperties) = preSolution
		HideSolutionNode = FALSE
	EndGlobalSection
	GlobalSection(ExtensibilityGlobals) = postSolution
		SolutionGuid = {0F00F4DC-1796-4B3D-86E9-2DA791AA1496}
	EndGlobalSection
EndGlobal
